
Microsoft Visual Studio Solution File, Format Version 12.00
# Visual Studio 14
VisualStudioVersion = 14.0.25420.1
MinimumVisualStudioVersion = 10.0.40219.1
Project("{FAE04EC0-301F-11D3-BF4B-00C04F79EFBC}") = "MyFirstConsoleApplication", "MyFirstConsoleApplication\MyFirstConsoleApplication.csproj", "{6FBBC572-0F1B-4C73-AE3E-BE889AE5BBB2}"
EndProject
Project("{FAE04EC0-301F-11D3-BF4B-00C04F79EFBC}") = "MyFirstConsoleApplicationTest", "MyFirstConsoleApplicationTest\MyFirstConsoleApplicationTest.csproj", "{D989088E-2D01-4FC6-8E21-6DE701EBE659}"
	ProjectSection(ProjectDependencies) = postProject
		{6FBBC572-0F1B-4C73-AE3E-BE889AE5BBB2} = {6FBBC572-0F1B-4C73-AE3E-BE889AE5BBB2}
	EndProjectSection
EndProject
Project("{FAE04EC0-301F-11D3-BF4B-00C04F79EFBC}") = "MyFirstConsoleApplicationSpecFlow", "MyFirstConsoleApplicationSpecFlow\MyFirstConsoleApplicationSpecFlow.csproj", "{C4CE197D-B9FC-4D03-BCEE-967BA471EDC5}"
EndProject
Global
	GlobalSection(SolutionConfigurationPlatforms) = preSolution
		Debug|Any CPU = Debug|Any CPU
		Release|Any CPU = Release|Any CPU
	EndGlobalSection
	GlobalSection(ProjectConfigurationPlatforms) = postSolution
		{6FBBC572-0F1B-4C73-AE3E-BE889AE5BBB2}.Debug|Any CPU.ActiveCfg = Debug|Any CPU
		{6FBBC572-0F1B-4C73-AE3E-BE889AE5BBB2}.Debug|Any CPU.Build.0 = Debug|Any CPU
		{6FBBC572-0F1B-4C73-AE3E-BE889AE5BBB2}.Release|Any CPU.ActiveCfg = Release|Any CPU
		{6FBBC572-0F1B-4C73-AE3E-BE889AE5BBB2}.Release|Any CPU.Build.0 = Release|Any CPU
		{D989088E-2D01-4FC6-8E21-6DE701EBE659}.Debug|Any CPU.ActiveCfg = Debug|Any CPU
		{D989088E-2D01-4FC6-8E21-6DE701EBE659}.Debug|Any CPU.Build.0 = Debug|Any CPU
		{D989088E-2D01-4FC6-8E21-6DE701EBE659}.Release|Any CPU.ActiveCfg = Release|Any CPU
		{D989088E-2D01-4FC6-8E21-6DE701EBE659}.Release|Any CPU.Build.0 = Release|Any CPU
		{C4CE197D-B9FC-4D03-BCEE-967BA471EDC5}.Debug|Any CPU.ActiveCfg = Debug|Any CPU
		{C4CE197D-B9FC-4D03-BCEE-967BA471EDC5}.Debug|Any CPU.Build.0 = Debug|Any CPU
		{C4CE197D-B9FC-4D03-BCEE-967BA471EDC5}.Release|Any CPU.ActiveCfg = Release|Any CPU
		{C4CE197D-B9FC-4D03-BCEE-967BA471EDC5}.Release|Any CPU.Build.0 = Release|Any CPU
	EndGlobalSection
	GlobalSection(SolutionProperties) = preSolution
		HideSolutionNode = FALSE
	EndGlobalSection
EndGlobal
